# This file is autogenerated, do not edit; changes may be undone by the next 'dep ensure'.


[[projects]]
  branch = "master"
  name = "github.com/umahmood/haversine"
  packages = ["."]
  revision = "808ab04add26660fd241ddb7973886c6dd6669e8"

[solve-meta]
  analyzer-name = "dep"
  analyzer-version = 1
  inputs-digest = "64aa9ecb0536d1a35319ac74dcd4db0f8882585a0c9c6a130ba0560aaefe9fc2"
  solver-name = "gps-cdcl"
  solver-version = 1
