# This file is autogenerated, do not edit; changes may be undone by the next 'dep ensure'.


[[projects]]
  name = "github.com/aws/aws-lambda-go"
  packages = [
    "lambda",
    "lambda/messages",
    "lambdacontext"
  ]
  revision = "6e2e37798efbb1dfd8e9c6681702e683a6046517"
  version = "v1.0.1"

[[projects]]
  branch = "master"
  name = "github.com/serjvanilla/go-overpass"
  packages = ["."]
  revision = "345e5be5cf209f0ec63da60e7cf967c4cf736e36"

[[projects]]
  branch = "master"
  name = "github.com/umahmood/haversine"
  packages = ["."]
  revision = "808ab04add26660fd241ddb7973886c6dd6669e8"

[solve-meta]
  analyzer-name = "dep"
  analyzer-version = 1
  inputs-digest = "977d97ed7896c5ed182f49c47ac02532f8838231669b7755bb45dff0e5baa5e4"
  solver-name = "gps-cdcl"
  solver-version = 1
