# This file is autogenerated, do not edit; changes may be undone by the next 'dep ensure'.


[[projects]]
  name = "github.com/aws/aws-lambda-go"
  packages = [
    "events",
    "lambda",
    "lambda/messages",
    "lambdacontext"
  ]
  revision = "4d30d0ff60440c2d0480a15747c96ee71c3c53d4"
  version = "v1.2.0"

[[projects]]
  branch = "master"
  name = "github.com/fnproject/fdk-go"
  packages = [
    ".",
    "utils"
  ]
  revision = "1eb29530716f262bad5b83eb9a5b3f7483636949"

[[projects]]
  branch = "master"
  name = "github.com/serjvanilla/go-overpass"
  packages = ["."]
  revision = "345e5be5cf209f0ec63da60e7cf967c4cf736e36"

[[projects]]
  branch = "master"
  name = "github.com/umahmood/haversine"
  packages = ["."]
  revision = "808ab04add26660fd241ddb7973886c6dd6669e8"

[solve-meta]
  analyzer-name = "dep"
  analyzer-version = 1
  inputs-digest = "00922896eba1bec13083356a796333fe22a9edb58dbbe6d309789850427a1841"
  solver-name = "gps-cdcl"
  solver-version = 1
